// !$*UTF8*$!
{
	archiveVersion = 1;
	classes = {
	};
	objectVersion = 56;
	objects = {

/* Begin PBXBuildFile section */
		233C71622AB3C3540056A710 /* AppDelegate.swift in Sources */ = {isa = PBXBuildFile; fileRef = 233C71612AB3C3540056A710 /* AppDelegate.swift */; };
		233C71642AB3C3540056A710 /* SceneDelegate.swift in Sources */ = {isa = PBXBuildFile; fileRef = 233C71632AB3C3540056A710 /* SceneDelegate.swift */; };
		233C71662AB3C3540056A710 /* ViewController.swift in Sources */ = {isa = PBXBuildFile; fileRef = 233C71652AB3C3540056A710 /* ViewController.swift */; };
		233C71692AB3C3540056A710 /* Main.storyboard in Resources */ = {isa = PBXBuildFile; fileRef = 233C71672AB3C3540056A710 /* Main.storyboard */; };
		233C716B2AB3C3560056A710 /* Assets.xcassets in Resources */ = {isa = PBXBuildFile; fileRef = 233C716A2AB3C3560056A710 /* Assets.xcassets */; };
		233C716E2AB3C3560056A710 /* LaunchScreen.storyboard in Resources */ = {isa = PBXBuildFile; fileRef = 233C716C2AB3C3560056A710 /* LaunchScreen.storyboard */; };
		233C71792AB3C3560056A710 /* HackwichThreeTests.swift in Sources */ = {isa = PBXBuildFile; fileRef = 233C71782AB3C3560056A710 /* HackwichThreeTests.swift */; };
		233C71832AB3C3560056A710 /* HackwichThreeUITests.swift in Sources */ = {isa = PBXBuildFile; fileRef = 233C71822AB3C3560056A710 /* HackwichThreeUITests.swift */; };
		233C71852AB3C3560056A710 /* HackwichThreeUITestsLaunchTests.swift in Sources */ = {isa = PBXBuildFile; fileRef = 233C71842AB3C3560056A710 /* HackwichThreeUITestsLaunchTests.swift */; };
/* End PBXBuildFile section */

/* Begin PBXContainerItemProxy section */
		233C71752AB3C3560056A710 /* PBXContainerItemProxy */ = {
			isa = PBXContainerItemProxy;
			containerPortal = 233C71562AB3C3540056A710 /* Project object */;
			proxyType = 1;
			remoteGlobalIDString = 233C715D2AB3C3540056A710;
			remoteInfo = HackwichThree;
		};
		233C717F2AB3C3560056A710 /* PBXContainerItemProxy */ = {
			isa = PBXContainerItemProxy;
			containerPortal = 233C71562AB3C3540056A710 /* Project object */;
			proxyType = 1;
			remoteGlobalIDString = 233C715D2AB3C3540056A710;
			remoteInfo = HackwichThree;
		};
/* End PBXContainerItemProxy section */

/* Begin PBXFileReference section */
		233C715E2AB3C3540056A710 /* HackwichThree.app */ = {isa = PBXFileReference; explicitFileType = wrapper.application; includeInIndex = 0; path = HackwichThree.app; sourceTree = BUILT_PRODUCTS_DIR; };
		233C71612AB3C3540056A710 /* AppDelegate.swift */ = {isa = PBXFileReference; lastKnownFileType = sourcecode.swift; path = AppDelegate.swift; sourceTree = "<group>"; };
		233C71632AB3C3540056A710 /* SceneDelegate.swift */ = {isa = PBXFileReference; lastKnownFileType = sourcecode.swift; path = SceneDelegate.swift; sourceTree = "<group>"; };
		233C71652AB3C3540056A710 /* ViewController.swift */ = {isa = PBXFileReference; lastKnownFileType = sourcecode.swift; path = ViewController.swift; sourceTree = "<group>"; };
		233C71682AB3C3540056A710 /* Base */ = {isa = PBXFileReference; lastKnownFileType = file.storyboard; name = Base; path = Base.lproj/Main.storyboard; sourceTree = "<group>"; };
		233C716A2AB3C3560056A710 /* Assets.xcassets */ = {isa = PBXFileReference; lastKnownFileType = folder.assetcatalog; path = Assets.xcassets; sourceTree = "<group>"; };
		233C716D2AB3C3560056A710 /* Base */ = {isa = PBXFileReference; lastKnownFileType = file.storyboard; name = Base; path = Base.lproj/LaunchScreen.storyboard; sourceTree = "<group>"; };
		233C716F2AB3C3560056A710 /* Info.plist */ = {isa = PBXFileReference; lastKnownFileType = text.plist.xml; path = Info.plist; sourceTree = "<group>"; };
		233C71742AB3C3560056A710 /* HackwichThreeTests.xctest */ = {isa = PBXFileReference; explicitFileType = wrapper.cfbundle; includeInIndex = 0; path = HackwichThreeTests.xctest; sourceTree = BUILT_PRODUCTS_DIR; };
		233C71782AB3C3560056A710 /* HackwichThreeTests.swift */ = {isa = PBXFileReference; lastKnownFileType = sourcecode.swift; path = HackwichThreeTests.swift; sourceTree = "<group>"; };
		233C717E2AB3C3560056A710 /* HackwichThreeUITests.xctest */ = {isa = PBXFileReference; explicitFileType = wrapper.cfbundle; includeInIndex = 0; path = HackwichThreeUITests.xctest; sourceTree = BUILT_PRODUCTS_DIR; };
		233C71822AB3C3560056A710 /* HackwichThreeUITests.swift */ = {isa = PBXFileReference; lastKnownFileType = sourcecode.swift; path = HackwichThreeUITests.swift; sourceTree = "<group>"; };
		233C71842AB3C3560056A710 /* HackwichThreeUITestsLaunchTests.swift */ = {isa = PBXFileReference; lastKnownFileType = sourcecode.swift; path = HackwichThreeUITestsLaunchTests.swift; sourceTree = "<group>"; };
/* End PBXFileReference section */

/* Begin PBXFrameworksBuildPhase section */
		233C715B2AB3C3540056A710 /* Frameworks */ = {
			isa = PBXFrameworksBuildPhase;
			buildActionMask = 2147483647;
			files = (
			);
			runOnlyForDeploymentPostprocessing = 0;
		};
		233C71712AB3C3560056A710 /* Frameworks */ = {
			isa = PBXFrameworksBuildPhase;
			buildActionMask = 2147483647;
			files = (
			);
			runOnlyForDeploymentPostprocessing = 0;
		};
		233C717B2AB3C3560056A710 /* Frameworks */ = {
			isa = PBXFrameworksBuildPhase;
			buildActionMask = 2147483647;
			files = (
			);
			runOnlyForDeploymentPostprocessing = 0;
		};
/* End PBXFrameworksBuildPhase section */

/* Begin PBXGroup section */
		233C71552AB3C3540056A710 = {
			isa = PBXGroup;
			children = (
				233C71602AB3C3540056A710 /* HackwichThree */,
				233C71772AB3C3560056A710 /* HackwichThreeTests */,
				233C71812AB3C3560056A710 /* HackwichThreeUITests */,
				233C715F2AB3C3540056A710 /* Products */,
			);
			sourceTree = "<group>";
		};
		233C715F2AB3C3540056A710 /* Products */ = {
			isa = PBXGroup;
			children = (
				233C715E2AB3C3540056A710 /* HackwichThree.app */,
				233C71742AB3C3560056A710 /* HackwichThreeTests.xctest */,
				233C717E2AB3C3560056A710 /* HackwichThreeUITests.xctest */,
			);
			name = Products;
			sourceTree = "<group>";
		};
		233C71602AB3C3540056A710 /* HackwichThree */ = {
			isa = PBXGroup;
			children = (
				233C71612AB3C3540056A710 /* AppDelegate.swift */,
				233C71632AB3C3540056A710 /* SceneDelegate.swift */,
				233C71652AB3C3540056A710 /* ViewController.swift */,
				233C71672AB3C3540056A710 /* Main.storyboard */,
				233C716A2AB3C3560056A710 /* Assets.xcassets */,
				233C716C2AB3C3560056A710 /* LaunchScreen.storyboard */,
				233C716F2AB3C3560056A710 /* Info.plist */,
			);
			path = HackwichThree;
			sourceTree = "<group>";
		};
		233C71772AB3C3560056A710 /* HackwichThreeTests */ = {
			isa = PBXGroup;
			children = (
				233C71782AB3C3560056A710 /* HackwichThreeTests.swift */,
			);
			path = HackwichThreeTests;
			sourceTree = "<group>";
		};
		233C71812AB3C3560056A710 /* HackwichThreeUITests */ = {
			isa = PBXGroup;
			children = (
				233C71822AB3C3560056A710 /* HackwichThreeUITests.swift */,
				233C71842AB3C3560056A710 /* HackwichThreeUITestsLaunchTests.swift */,
			);
			path = HackwichThreeUITests;
			sourceTree = "<group>";
		};
/* End PBXGroup section */

/* Begin PBXNativeTarget section */
		233C715D2AB3C3540056A710 /* HackwichThree */ = {
			isa = PBXNativeTarget;
			buildConfigurationList = 233C71882AB3C3560056A710 /* Build configuration list for PBXNativeTarget "HackwichThree" */;
			buildPhases = (
				233C715A2AB3C3540056A710 /* Sources */,
				233C715B2AB3C3540056A710 /* Frameworks */,
				233C715C2AB3C3540056A710 /* Resources */,
			);
			buildRules = (
			);
			dependencies = (
			);
			name = HackwichThree;
			productName = HackwichThree;
			productReference = 233C715E2AB3C3540056A710 /* HackwichThree.app */;
			productType = "com.apple.product-type.application";
		};
		233C71732AB3C3560056A710 /* HackwichThreeTests */ = {
			isa = PBXNativeTarget;
			buildConfigurationList = 233C718B2AB3C3560056A710 /* Build configuration list for PBXNativeTarget "HackwichThreeTests" */;
			buildPhases = (
				233C71702AB3C3560056A710 /* Sources */,
				233C71712AB3C3560056A710 /* Frameworks */,
				233C71722AB3C3560056A710 /* Resources */,
			);
			buildRules = (
			);
			dependencies = (
				233C71762AB3C3560056A710 /* PBXTargetDependency */,
			);
			name = HackwichThreeTests;
			productName = HackwichThreeTests;
			productReference = 233C71742AB3C3560056A710 /* HackwichThreeTests.xctest */;
			productType = "com.apple.product-type.bundle.unit-test";
		};
		233C717D2AB3C3560056A710 /* HackwichThreeUITests */ = {
			isa = PBXNativeTarget;
			buildConfigurationList = 233C718E2AB3C3560056A710 /* Build configuration list for PBXNativeTarget "HackwichThreeUITests" */;
			buildPhases = (
				233C717A2AB3C3560056A710 /* Sources */,
				233C717B2AB3C3560056A710 /* Frameworks */,
				233C717C2AB3C3560056A710 /* Resources */,
			);
			buildRules = (
			);
			dependencies = (
				233C71802AB3C3560056A710 /* PBXTargetDependency */,
			);
			name = HackwichThreeUITests;
			productName = HackwichThreeUITests;
			productReference = 233C717E2AB3C3560056A710 /* HackwichThreeUITests.xctest */;
			productType = "com.apple.product-type.bundle.ui-testing";
		};
/* End PBXNativeTarget section */

/* Begin PBXProject section */
		233C71562AB3C3540056A710 /* Project object */ = {
			isa = PBXProject;
			attributes = {
				BuildIndependentTargetsInParallel = 1;
				LastSwiftUpdateCheck = 1430;
				LastUpgradeCheck = 1430;
				TargetAttributes = {
					233C715D2AB3C3540056A710 = {
						CreatedOnToolsVersion = 14.3.1;
					};
					233C71732AB3C3560056A710 = {
						CreatedOnToolsVersion = 14.3.1;
						TestTargetID = 233C715D2AB3C3540056A710;
					};
					233C717D2AB3C3560056A710 = {
						CreatedOnToolsVersion = 14.3.1;
						TestTargetID = 233C715D2AB3C3540056A710;
					};
				};
			};
			buildConfigurationList = 233C71592AB3C3540056A710 /* Build configuration list for PBXProject "HackwichThree" */;
			compatibilityVersion = "Xcode 14.0";
			developmentRegion = en;
			hasScannedForEncodings = 0;
			knownRegions = (
				en,
				Base,
			);
			mainGroup = 233C71552AB3C3540056A710;
			productRefGroup = 233C715F2AB3C3540056A710 /* Products */;
			projectDirPath = "";
			projectRoot = "";
			targets = (
				233C715D2AB3C3540056A710 /* HackwichThree */,
				233C71732AB3C3560056A710 /* HackwichThreeTests */,
				233C717D2AB3C3560056A710 /* HackwichThreeUITests */,
			);
		};
/* End PBXProject section */

/* Begin PBXResourcesBuildPhase section */
		233C715C2AB3C3540056A710 /* Resources */ = {
			isa = PBXResourcesBuildPhase;
			buildActionMask = 2147483647;
			files = (
				233C716E2AB3C3560056A710 /* LaunchScreen.storyboard in Resources */,
				233C716B2AB3C3560056A710 /* Assets.xcassets in Resources */,
				233C71692AB3C3540056A710 /* Main.storyboard in Resources */,
			);
			runOnlyForDeploymentPostprocessing = 0;
		};
		233C71722AB3C3560056A710 /* Resources */ = {
			isa = PBXResourcesBuildPhase;
			buildActionMask = 2147483647;
			files = (
			);
			runOnlyForDeploymentPostprocessing = 0;
		};
		233C717C2AB3C3560056A710 /* Resources */ = {
			isa = PBXResourcesBuildPhase;
			buildActionMask = 2147483647;
			files = (
			);
			runOnlyForDeploymentPostprocessing = 0;
		};
/* End PBXResourcesBuildPhase section */

/* Begin PBXSourcesBuildPhase section */
		233C715A2AB3C3540056A710 /* Sources */ = {
			isa = PBXSourcesBuildPhase;
			buildActionMask = 2147483647;
			files = (
				233C71662AB3C3540056A710 /* ViewController.swift in Sources */,
				233C71622AB3C3540056A710 /* AppDelegate.swift in Sources */,
				233C71642AB3C3540056A710 /* SceneDelegate.swift in Sources */,
			);
			runOnlyForDeploymentPostprocessing = 0;
		};
		233C71702AB3C3560056A710 /* Sources */ = {
			isa = PBXSourcesBuildPhase;
			buildActionMask = 2147483647;
			files = (
				233C71792AB3C3560056A710 /* HackwichThreeTests.swift in Sources */,
			);
			runOnlyForDeploymentPostprocessing = 0;
		};
		233C717A2AB3C3560056A710 /* Sources */ = {
			isa = PBXSourcesBuildPhase;
			buildActionMask = 2147483647;
			files = (
				233C71832AB3C3560056A710 /* HackwichThreeUITests.swift in Sources */,
				233C71852AB3C3560056A710 /* HackwichThreeUITestsLaunchTests.swift in Sources */,
			);
			runOnlyForDeploymentPostprocessing = 0;
		};
/* End PBXSourcesBuildPhase section */

/* Begin PBXTargetDependency section */
		233C71762AB3C3560056A710 /* PBXTargetDependency */ = {
			isa = PBXTargetDependency;
			target = 233C715D2AB3C3540056A710 /* HackwichThree */;
			targetProxy = 233C71752AB3C3560056A710 /* PBXContainerItemProxy */;
		};
		233C71802AB3C3560056A710 /* PBXTargetDependency */ = {
			isa = PBXTargetDependency;
			target = 233C715D2AB3C3540056A710 /* HackwichThree */;
			targetProxy = 233C717F2AB3C3560056A710 /* PBXContainerItemProxy */;
		};
/* End PBXTargetDependency section */

/* Begin PBXVariantGroup section */
		233C71672AB3C3540056A710 /* Main.storyboard */ = {
			isa = PBXVariantGroup;
			children = (
				233C71682AB3C3540056A710 /* Base */,
			);
			name = Main.storyboard;
			sourceTree = "<group>";
		};
		233C716C2AB3C3560056A710 /* LaunchScreen.storyboard */ = {
			isa = PBXVariantGroup;
			children = (
				233C716D2AB3C3560056A710 /* Base */,
			);
			name = LaunchScreen.storyboard;
			sourceTree = "<group>";
		};
/* End PBXVariantGroup section */

/* Begin XCBuildConfiguration section */
		233C71862AB3C3560056A710 /* Debug */ = {
			isa = XCBuildConfiguration;
			buildSettings = {
				ALWAYS_SEARCH_USER_PATHS = NO;
				CLANG_ANALYZER_NONNULL = YES;
				CLANG_ANALYZER_NUMBER_OBJECT_CONVERSION = YES_AGGRESSIVE;
				CLANG_CXX_LANGUAGE_STANDARD = "gnu++20";
				CLANG_ENABLE_MODULES = YES;
				CLANG_ENABLE_OBJC_ARC = YES;
				CLANG_ENABLE_OBJC_WEAK = YES;
				CLANG_WARN_BLOCK_CAPTURE_AUTORELEASING = YES;
				CLANG_WARN_BOOL_CONVERSION = YES;
				CLANG_WARN_COMMA = YES;
				CLANG_WARN_CONSTANT_CONVERSION = YES;
				CLANG_WARN_DEPRECATED_OBJC_IMPLEMENTATIONS = YES;
				CLANG_WARN_DIRECT_OBJC_ISA_USAGE = YES_ERROR;
				CLANG_WARN_DOCUMENTATION_COMMENTS = YES;
				CLANG_WARN_EMPTY_BODY = YES;
				CLANG_WARN_ENUM_CONVERSION = YES;
				CLANG_WARN_INFINITE_RECURSION = YES;
				CLANG_WARN_INT_CONVERSION = YES;
				CLANG_WARN_NON_LITERAL_NULL_CONVERSION = YES;
				CLANG_WARN_OBJC_IMPLICIT_RETAIN_SELF = YES;
				CLANG_WARN_OBJC_LITERAL_CONVERSION = YES;
				CLANG_WARN_OBJC_ROOT_CLASS = YES_ERROR;
				CLANG_WARN_QUOTED_INCLUDE_IN_FRAMEWORK_HEADER = YES;
				CLANG_WARN_RANGE_LOOP_ANALYSIS = YES;
				CLANG_WARN_STRICT_PROTOTYPES = YES;
				CLANG_WARN_SUSPICIOUS_MOVE = YES;
				CLANG_WARN_UNGUARDED_AVAILABILITY = YES_AGGRESSIVE;
				CLANG_WARN_UNREACHABLE_CODE = YES;
				CLANG_WARN__DUPLICATE_METHOD_MATCH = YES;
				COPY_PHASE_STRIP = NO;
				DEBUG_INFORMATION_FORMAT = dwarf;
				ENABLE_STRICT_OBJC_MSGSEND = YES;
				ENABLE_TESTABILITY = YES;
				GCC_C_LANGUAGE_STANDARD = gnu11;
				GCC_DYNAMIC_NO_PIC = NO;
				GCC_NO_COMMON_BLOCKS = YES;
				GCC_OPTIMIZATION_LEVEL = 0;
				GCC_PREPROCESSOR_DEFINITIONS = (
					"DEBUG=1",
					"$(inherited)",
				);
				GCC_WARN_64_TO_32_BIT_CONVERSION = YES;
				GCC_WARN_ABOUT_RETURN_TYPE = YES_ERROR;
				GCC_WARN_UNDECLARED_SELECTOR = YES;
				GCC_WARN_UNINITIALIZED_AUTOS = YES_AGGRESSIVE;
				GCC_WARN_UNUSED_FUNCTION = YES;
				GCC_WARN_UNUSED_VARIABLE = YES;
				IPHONEOS_DEPLOYMENT_TARGET = 16.4;
				MTL_ENABLE_DEBUG_INFO = INCLUDE_SOURCE;
				MTL_FAST_MATH = YES;
				ONLY_ACTIVE_ARCH = YES;
				SDKROOT = iphoneos;
				SWIFT_ACTIVE_COMPILATION_CONDITIONS = DEBUG;
				SWIFT_OPTIMIZATION_LEVEL = "-Onone";
			};
			name = Debug;
		};
		233C71872AB3C3560056A710 /* Release */ = {
			isa = XCBuildConfiguration;
			buildSettings = {
				ALWAYS_SEARCH_USER_PATHS = NO;
				CLANG_ANALYZER_NONNULL = YES;
				CLANG_ANALYZER_NUMBER_OBJECT_CONVERSION = YES_AGGRESSIVE;
				CLANG_CXX_LANGUAGE_STANDARD = "gnu++20";
				CLANG_ENABLE_MODULES = YES;
				CLANG_ENABLE_OBJC_ARC = YES;
				CLANG_ENABLE_OBJC_WEAK = YES;
				CLANG_WARN_BLOCK_CAPTURE_AUTORELEASING = YES;
				CLANG_WARN_BOOL_CONVERSION = YES;
				CLANG_WARN_COMMA = YES;
				CLANG_WARN_CONSTANT_CONVERSION = YES;
				CLANG_WARN_DEPRECATED_OBJC_IMPLEMENTATIONS = YES;
				CLANG_WARN_DIRECT_OBJC_ISA_USAGE = YES_ERROR;
				CLANG_WARN_DOCUMENTATION_COMMENTS = YES;
				CLANG_WARN_EMPTY_BODY = YES;
				CLANG_WARN_ENUM_CONVERSION = YES;
				CLANG_WARN_INFINITE_RECURSION = YES;
				CLANG_WARN_INT_CONVERSION = YES;
				CLANG_WARN_NON_LITERAL_NULL_CONVERSION = YES;
				CLANG_WARN_OBJC_IMPLICIT_RETAIN_SELF = YES;
				CLANG_WARN_OBJC_LITERAL_CONVERSION = YES;
				CLANG_WARN_OBJC_ROOT_CLASS = YES_ERROR;
				CLANG_WARN_QUOTED_INCLUDE_IN_FRAMEWORK_HEADER = YES;
				CLANG_WARN_RANGE_LOOP_ANALYSIS = YES;
				CLANG_WARN_STRICT_PROTOTYPES = YES;
				CLANG_WARN_SUSPICIOUS_MOVE = YES;
				CLANG_WARN_UNGUARDED_AVAILABILITY = YES_AGGRESSIVE;
				CLANG_WARN_UNREACHABLE_CODE = YES;
				CLANG_WARN__DUPLICATE_METHOD_MATCH = YES;
				COPY_PHASE_STRIP = NO;
				DEBUG_INFORMATION_FORMAT = "dwarf-with-dsym";
				ENABLE_NS_ASSERTIONS = NO;
				ENABLE_STRICT_OBJC_MSGSEND = YES;
				GCC_C_LANGUAGE_STANDARD = gnu11;
				GCC_NO_COMMON_BLOCKS = YES;
				GCC_WARN_64_TO_32_BIT_CONVERSION = YES;
				GCC_WARN_ABOUT_RETURN_TYPE = YES_ERROR;
				GCC_WARN_UNDECLARED_SELECTOR = YES;
				GCC_WARN_UNINITIALIZED_AUTOS = YES_AGGRESSIVE;
				GCC_WARN_UNUSED_FUNCTION = YES;
				GCC_WARN_UNUSED_VARIABLE = YES;
				IPHONEOS_DEPLOYMENT_TARGET = 16.4;
				MTL_ENABLE_DEBUG_INFO = NO;
				MTL_FAST_MATH = YES;
				SDKROOT = iphoneos;
				SWIFT_COMPILATION_MODE = wholemodule;
				SWIFT_OPTIMIZATION_LEVEL = "-O";
				VALIDATE_PRODUCT = YES;
			};
			name = Release;
		};
		233C71892AB3C3560056A710 /* Debug */ = {
			isa = XCBuildConfiguration;
			buildSettings = {
				ASSETCATALOG_COMPILER_APPICON_NAME = AppIcon;
				ASSETCATALOG_COMPILER_GLOBAL_ACCENT_COLOR_NAME = AccentColor;
				CODE_SIGN_STYLE = Automatic;
				CURRENT_PROJECT_VERSION = 1;
				DEVELOPMENT_TEAM = SS493YKAUL;
				GENERATE_INFOPLIST_FILE = YES;
				INFOPLIST_FILE = HackwichThree/Info.plist;
				INFOPLIST_KEY_UIApplicationSupportsIndirectInputEvents = YES;
				INFOPLIST_KEY_UILaunchStoryboardName = LaunchScreen;
				INFOPLIST_KEY_UIMainStoryboardFile = Main;
				INFOPLIST_KEY_UISupportedInterfaceOrientations_iPad = "UIInterfaceOrientationPortrait UIInterfaceOrientationPortraitUpsideDown UIInterfaceOrientationLandscapeLeft UIInterfaceOrientationLandscapeRight";
				INFOPLIST_KEY_UISupportedInterfaceOrientations_iPhone = "UIInterfaceOrientationPortrait UIInterfaceOrientationLandscapeLeft UIInterfaceOrientationLandscapeRight";
				LD_RUNPATH_SEARCH_PATHS = (
					"$(inherited)",
					"@executable_path/Frameworks",
				);
				MARKETING_VERSION = 1.0;
				PRODUCT_BUNDLE_IDENTIFIER = UHWO.HackwichThree;
				PRODUCT_NAME = "$(TARGET_NAME)";
				SWIFT_EMIT_LOC_STRINGS = YES;
				SWIFT_VERSION = 5.0;
				TARGETED_DEVICE_FAMILY = "1,2";
			};
			name = Debug;
		};
		233C718A2AB3C3560056A710 /* Release */ = {
			isa = XCBuildConfiguration;
			buildSettings = {
				ASSETCATALOG_COMPILER_APPICON_NAME = AppIcon;
				ASSETCATALOG_COMPILER_GLOBAL_ACCENT_COLOR_NAME = AccentColor;
				CODE_SIGN_STYLE = Automatic;
				CURRENT_PROJECT_VERSION = 1;
				DEVELOPMENT_TEAM = SS493YKAUL;
				GENERATE_INFOPLIST_FILE = YES;
				INFOPLIST_FILE = HackwichThree/Info.plist;
				INFOPLIST_KEY_UIApplicationSupportsIndirectInputEvents = YES;
				INFOPLIST_KEY_UILaunchStoryboardName = LaunchScreen;
				INFOPLIST_KEY_UIMainStoryboardFile = Main;
				INFOPLIST_KEY_UISupportedInterfaceOrientations_iPad = "UIInterfaceOrientationPortrait UIInterfaceOrientationPortraitUpsideDown UIInterfaceOrientationLandscapeLeft UIInterfaceOrientationLandscapeRight";
				INFOPLIST_KEY_UISupportedInterfaceOrientations_iPhone = "UIInterfaceOrientationPortrait UIInterfaceOrientationLandscapeLeft UIInterfaceOrientationLandscapeRight";
				LD_RUNPATH_SEARCH_PATHS = (
					"$(inherited)",
					"@executable_path/Frameworks",
				);
				MARKETING_VERSION = 1.0;
				PRODUCT_BUNDLE_IDENTIFIER = UHWO.HackwichThree;
				PRODUCT_NAME = "$(TARGET_NAME)";
				SWIFT_EMIT_LOC_STRINGS = YES;
				SWIFT_VERSION = 5.0;
				TARGETED_DEVICE_FAMILY = "1,2";
			};
			name = Release;
		};
		233C718C2AB3C3560056A710 /* Debug */ = {
			isa = XCBuildConfiguration;
			buildSettings = {
				ALWAYS_EMBED_SWIFT_STANDARD_LIBRARIES = YES;
				BUNDLE_LOADER = "$(TEST_HOST)";
				CODE_SIGN_STYLE = Automatic;
				CURRENT_PROJECT_VERSION = 1;
				DEVELOPMENT_TEAM = SS493YKAUL;
				GENERATE_INFOPLIST_FILE = YES;
				IPHONEOS_DEPLOYMENT_TARGET = 16.4;
				MARKETING_VERSION = 1.0;
				PRODUCT_BUNDLE_IDENTIFIER = UHWO.HackwichThreeTests;
				PRODUCT_NAME = "$(TARGET_NAME)";
				SWIFT_EMIT_LOC_STRINGS = NO;
				SWIFT_VERSION = 5.0;
				TARGETED_DEVICE_FAMILY = "1,2";
				TEST_HOST = "$(BUILT_PRODUCTS_DIR)/HackwichThree.app/$(BUNDLE_EXECUTABLE_FOLDER_PATH)/HackwichThree";
			};
			name = Debug;
		};
		233C718D2AB3C3560056A710 /* Release */ = {
			isa = XCBuildConfiguration;
			buildSettings = {
				ALWAYS_EMBED_SWIFT_STANDARD_LIBRARIES = YES;
				BUNDLE_LOADER = "$(TEST_HOST)";
				CODE_SIGN_STYLE = Automatic;
				CURRENT_PROJECT_VERSION = 1;
				DEVELOPMENT_TEAM = SS493YKAUL;
				GENERATE_INFOPLIST_FILE = YES;
				IPHONEOS_DEPLOYMENT_TARGET = 16.4;
				MARKETING_VERSION = 1.0;
				PRODUCT_BUNDLE_IDENTIFIER = UHWO.HackwichThreeTests;
				PRODUCT_NAME = "$(TARGET_NAME)";
				SWIFT_EMIT_LOC_STRINGS = NO;
				SWIFT_VERSION = 5.0;
				TARGETED_DEVICE_FAMILY = "1,2";
				TEST_HOST = "$(BUILT_PRODUCTS_DIR)/HackwichThree.app/$(BUNDLE_EXECUTABLE_FOLDER_PATH)/HackwichThree";
			};
			name = Release;
		};
		233C718F2AB3C3560056A710 /* Debug */ = {
			isa = XCBuildConfiguration;
			buildSettings = {
				ALWAYS_EMBED_SWIFT_STANDARD_LIBRARIES = YES;
				CODE_SIGN_STYLE = Automatic;
				CURRENT_PROJECT_VERSION = 1;
				DEVELOPMENT_TEAM = SS493YKAUL;
				GENERATE_INFOPLIST_FILE = YES;
				MARKETING_VERSION = 1.0;
				PRODUCT_BUNDLE_IDENTIFIER = UHWO.HackwichThreeUITests;
				PRODUCT_NAME = "$(TARGET_NAME)";
				SWIFT_EMIT_LOC_STRINGS = NO;
				SWIFT_VERSION = 5.0;
				TARGETED_DEVICE_FAMILY = "1,2";
				TEST_TARGET_NAME = HackwichThree;
			};
			name = Debug;
		};
		233C71902AB3C3560056A710 /* Release */ = {
			isa = XCBuildConfiguration;
			buildSettings = {
				ALWAYS_EMBED_SWIFT_STANDARD_LIBRARIES = YES;
				CODE_SIGN_STYLE = Automatic;
				CURRENT_PROJECT_VERSION = 1;
				DEVELOPMENT_TEAM = SS493YKAUL;
				GENERATE_INFOPLIST_FILE = YES;
				MARKETING_VERSION = 1.0;
				PRODUCT_BUNDLE_IDENTIFIER = UHWO.HackwichThreeUITests;
				PRODUCT_NAME = "$(TARGET_NAME)";
				SWIFT_EMIT_LOC_STRINGS = NO;
				SWIFT_VERSION = 5.0;
				TARGETED_DEVICE_FAMILY = "1,2";
				TEST_TARGET_NAME = HackwichThree;
			};
			name = Release;
		};
/* End XCBuildConfiguration section */

/* Begin XCConfigurationList section */
		233C71592AB3C3540056A710 /* Build configuration list for PBXProject "HackwichThree" */ = {
			isa = XCConfigurationList;
			buildConfigurations = (
				233C71862AB3C3560056A710 /* Debug */,
				233C71872AB3C3560056A710 /* Release */,
			);
			defaultConfigurationIsVisible = 0;
			defaultConfigurationName = Release;
		};
		233C71882AB3C3560056A710 /* Build configuration list for PBXNativeTarget "HackwichThree" */ = {
			isa = XCConfigurationList;
			buildConfigurations = (
				233C71892AB3C3560056A710 /* Debug */,
				233C718A2AB3C3560056A710 /* Release */,
			);
			defaultConfigurationIsVisible = 0;
			defaultConfigurationName = Release;
		};
		233C718B2AB3C3560056A710 /* Build configuration list for PBXNativeTarget "HackwichThreeTests" */ = {
			isa = XCConfigurationList;
			buildConfigurations = (
				233C718C2AB3C3560056A710 /* Debug */,
				233C718D2AB3C3560056A710 /* Release */,
			);
			defaultConfigurationIsVisible = 0;
			defaultConfigurationName = Release;
		};
		233C718E2AB3C3560056A710 /* Build configuration list for PBXNativeTarget "HackwichThreeUITests" */ = {
			isa = XCConfigurationList;
			buildConfigurations = (
				233C718F2AB3C3560056A710 /* Debug */,
				233C71902AB3C3560056A710 /* Release */,
			);
			defaultConfigurationIsVisible = 0;
			defaultConfigurationName = Release;
		};
/* End XCConfigurationList section */
	};
	rootObject = 233C71562AB3C3540056A710 /* Project object */;
}
